
Microsoft Visual Studio Solution File, Format Version 12.00
# Visual Studio Version 17
VisualStudioVersion = 17.0.31903.59
MinimumVisualStudioVersion = 10.0.40219.1
Project("{FAE04EC0-301F-11D3-BF4B-00C04F79EFBC}") = "PdfConverter.Core", "Core\PdfConverter.Core.csproj", "{CBA1840E-6F4A-4999-AFF9-B9F432E407F0}"
EndProject
Project("{FAE04EC0-301F-11D3-BF4B-00C04F79EFBC}") = "PdfConverter.Infrastructure", "Infrastructure\PdfConverter.Infrastructure.csproj", "{7804A887-EDA2-4664-B004-E871997AA664}"
EndProject
Project("{FAE04EC0-301F-11D3-BF4B-00C04F79EFBC}") = "PdfConverter.Tests", "Tests\PdfConverter.Tests.csproj", "{AFF6CD0D-2B8C-43E1-8A94-5F428E77464A}"
EndProject
Project("{FAE04EC0-301F-11D3-BF4B-00C04F79EFBC}") = "PdfConverter.Api", "Api\PdfConverter.Api.csproj", "{A786AE48-6E43-4C58-BE17-5CB4403AB45E}"
EndProject
Global
	GlobalSection(SolutionConfigurationPlatforms) = preSolution
		Debug|Any CPU = Debug|Any CPU
		Release|Any CPU = Release|Any CPU
	EndGlobalSection
	GlobalSection(SolutionProperties) = preSolution
		HideSolutionNode = FALSE
	EndGlobalSection
	GlobalSection(ProjectConfigurationPlatforms) = postSolution
		{CBA1840E-6F4A-4999-AFF9-B9F432E407F0}.Debug|Any CPU.ActiveCfg = Debug|Any CPU
		{CBA1840E-6F4A-4999-AFF9-B9F432E407F0}.Debug|Any CPU.Build.0 = Debug|Any CPU
		{CBA1840E-6F4A-4999-AFF9-B9F432E407F0}.Release|Any CPU.ActiveCfg = Release|Any CPU
		{CBA1840E-6F4A-4999-AFF9-B9F432E407F0}.Release|Any CPU.Build.0 = Release|Any CPU
		{7804A887-EDA2-4664-B004-E871997AA664}.Debug|Any CPU.ActiveCfg = Debug|Any CPU
		{7804A887-EDA2-4664-B004-E871997AA664}.Debug|Any CPU.Build.0 = Debug|Any CPU
		{7804A887-EDA2-4664-B004-E871997AA664}.Release|Any CPU.ActiveCfg = Release|Any CPU
		{7804A887-EDA2-4664-B004-E871997AA664}.Release|Any CPU.Build.0 = Release|Any CPU
		{AFF6CD0D-2B8C-43E1-8A94-5F428E77464A}.Debug|Any CPU.ActiveCfg = Debug|Any CPU
		{AFF6CD0D-2B8C-43E1-8A94-5F428E77464A}.Debug|Any CPU.Build.0 = Debug|Any CPU
		{AFF6CD0D-2B8C-43E1-8A94-5F428E77464A}.Release|Any CPU.ActiveCfg = Release|Any CPU
		{AFF6CD0D-2B8C-43E1-8A94-5F428E77464A}.Release|Any CPU.Build.0 = Release|Any CPU
		{A786AE48-6E43-4C58-BE17-5CB4403AB45E}.Debug|Any CPU.ActiveCfg = Debug|Any CPU
		{A786AE48-6E43-4C58-BE17-5CB4403AB45E}.Debug|Any CPU.Build.0 = Debug|Any CPU
		{A786AE48-6E43-4C58-BE17-5CB4403AB45E}.Release|Any CPU.ActiveCfg = Release|Any CPU
		{A786AE48-6E43-4C58-BE17-5CB4403AB45E}.Release|Any CPU.Build.0 = Release|Any CPU
	EndGlobalSection
EndGlobal
